// !$*UTF8*$!
{
	archiveVersion = 1;
	classes = {
	};
	objectVersion = 46;
	objects = {

/* Begin PBXBuildFile section */
		336ABF6A1D085F9D006CD142 /* AppDelegate.swift in Sources */ = {isa = PBXBuildFile; fileRef = 336ABF691D085F9D006CD142 /* AppDelegate.swift */; };
		336ABF6C1D085F9D006CD142 /* FormViewController.swift in Sources */ = {isa = PBXBuildFile; fileRef = 336ABF6B1D085F9D006CD142 /* FormViewController.swift */; };
		336ABF6F1D085F9D006CD142 /* Main.storyboard in Resources */ = {isa = PBXBuildFile; fileRef = 336ABF6D1D085F9D006CD142 /* Main.storyboard */; };
		336ABF711D085F9D006CD142 /* Assets.xcassets in Resources */ = {isa = PBXBuildFile; fileRef = 336ABF701D085F9D006CD142 /* Assets.xcassets */; };
		336ABF741D085F9D006CD142 /* LaunchScreen.storyboard in Resources */ = {isa = PBXBuildFile; fileRef = 336ABF721D085F9D006CD142 /* LaunchScreen.storyboard */; };
		336ABF7F1D085F9D006CD142 /* RestosTests.swift in Sources */ = {isa = PBXBuildFile; fileRef = 336ABF7E1D085F9D006CD142 /* RestosTests.swift */; };
		336ABF8A1D085F9D006CD142 /* RestosUITests.swift in Sources */ = {isa = PBXBuildFile; fileRef = 336ABF891D085F9D006CD142 /* RestosUITests.swift */; };
		336ABF981D0868B1006CD142 /* Restaurant.swift in Sources */ = {isa = PBXBuildFile; fileRef = 336ABF971D0868B1006CD142 /* Restaurant.swift */; };
		336ABF9A1D0868BE006CD142 /* ResturantLibrary.swift in Sources */ = {isa = PBXBuildFile; fileRef = 336ABF991D0868BE006CD142 /* ResturantLibrary.swift */; };
/* End PBXBuildFile section */

/* Begin PBXContainerItemProxy section */
		336ABF7B1D085F9D006CD142 /* PBXContainerItemProxy */ = {
			isa = PBXContainerItemProxy;
			containerPortal = 336ABF5E1D085F9D006CD142 /* Project object */;
			proxyType = 1;
			remoteGlobalIDString = 336ABF651D085F9D006CD142;
			remoteInfo = Restos;
		};
		336ABF861D085F9D006CD142 /* PBXContainerItemProxy */ = {
			isa = PBXContainerItemProxy;
			containerPortal = 336ABF5E1D085F9D006CD142 /* Project object */;
			proxyType = 1;
			remoteGlobalIDString = 336ABF651D085F9D006CD142;
			remoteInfo = Restos;
		};
/* End PBXContainerItemProxy section */

/* Begin PBXFileReference section */
		336ABF661D085F9D006CD142 /* Restos.app */ = {isa = PBXFileReference; explicitFileType = wrapper.application; includeInIndex = 0; path = Restos.app; sourceTree = BUILT_PRODUCTS_DIR; };
		336ABF691D085F9D006CD142 /* AppDelegate.swift */ = {isa = PBXFileReference; lastKnownFileType = sourcecode.swift; path = AppDelegate.swift; sourceTree = "<group>"; };
		336ABF6B1D085F9D006CD142 /* FormViewController.swift */ = {isa = PBXFileReference; lastKnownFileType = sourcecode.swift; path = FormViewController.swift; sourceTree = "<group>"; };
		336ABF6E1D085F9D006CD142 /* Base */ = {isa = PBXFileReference; lastKnownFileType = file.storyboard; name = Base; path = Base.lproj/Main.storyboard; sourceTree = "<group>"; };
		336ABF701D085F9D006CD142 /* Assets.xcassets */ = {isa = PBXFileReference; lastKnownFileType = folder.assetcatalog; path = Assets.xcassets; sourceTree = "<group>"; };
		336ABF731D085F9D006CD142 /* Base */ = {isa = PBXFileReference; lastKnownFileType = file.storyboard; name = Base; path = Base.lproj/LaunchScreen.storyboard; sourceTree = "<group>"; };
		336ABF751D085F9D006CD142 /* Info.plist */ = {isa = PBXFileReference; lastKnownFileType = text.plist.xml; path = Info.plist; sourceTree = "<group>"; };
		336ABF7A1D085F9D006CD142 /* RestosTests.xctest */ = {isa = PBXFileReference; explicitFileType = wrapper.cfbundle; includeInIndex = 0; path = RestosTests.xctest; sourceTree = BUILT_PRODUCTS_DIR; };
		336ABF7E1D085F9D006CD142 /* RestosTests.swift */ = {isa = PBXFileReference; lastKnownFileType = sourcecode.swift; path = RestosTests.swift; sourceTree = "<group>"; };
		336ABF801D085F9D006CD142 /* Info.plist */ = {isa = PBXFileReference; lastKnownFileType = text.plist.xml; path = Info.plist; sourceTree = "<group>"; };
		336ABF851D085F9D006CD142 /* RestosUITests.xctest */ = {isa = PBXFileReference; explicitFileType = wrapper.cfbundle; includeInIndex = 0; path = RestosUITests.xctest; sourceTree = BUILT_PRODUCTS_DIR; };
		336ABF891D085F9D006CD142 /* RestosUITests.swift */ = {isa = PBXFileReference; lastKnownFileType = sourcecode.swift; path = RestosUITests.swift; sourceTree = "<group>"; };
		336ABF8B1D085F9D006CD142 /* Info.plist */ = {isa = PBXFileReference; lastKnownFileType = text.plist.xml; path = Info.plist; sourceTree = "<group>"; };
		336ABF971D0868B1006CD142 /* Restaurant.swift */ = {isa = PBXFileReference; fileEncoding = 4; lastKnownFileType = sourcecode.swift; path = Restaurant.swift; sourceTree = "<group>"; };
		336ABF991D0868BE006CD142 /* ResturantLibrary.swift */ = {isa = PBXFileReference; fileEncoding = 4; lastKnownFileType = sourcecode.swift; path = ResturantLibrary.swift; sourceTree = "<group>"; };
/* End PBXFileReference section */

/* Begin PBXFrameworksBuildPhase section */
		336ABF631D085F9D006CD142 /* Frameworks */ = {
			isa = PBXFrameworksBuildPhase;
			buildActionMask = 2147483647;
			files = (
			);
			runOnlyForDeploymentPostprocessing = 0;
		};
		336ABF771D085F9D006CD142 /* Frameworks */ = {
			isa = PBXFrameworksBuildPhase;
			buildActionMask = 2147483647;
			files = (
			);
			runOnlyForDeploymentPostprocessing = 0;
		};
		336ABF821D085F9D006CD142 /* Frameworks */ = {
			isa = PBXFrameworksBuildPhase;
			buildActionMask = 2147483647;
			files = (
			);
			runOnlyForDeploymentPostprocessing = 0;
		};
/* End PBXFrameworksBuildPhase section */

/* Begin PBXGroup section */
		336ABF5D1D085F9D006CD142 = {
			isa = PBXGroup;
			children = (
				336ABF681D085F9D006CD142 /* Restos */,
				336ABF7D1D085F9D006CD142 /* RestosTests */,
				336ABF881D085F9D006CD142 /* RestosUITests */,
				336ABF671D085F9D006CD142 /* Products */,
			);
			sourceTree = "<group>";
		};
		336ABF671D085F9D006CD142 /* Products */ = {
			isa = PBXGroup;
			children = (
				336ABF661D085F9D006CD142 /* Restos.app */,
				336ABF7A1D085F9D006CD142 /* RestosTests.xctest */,
				336ABF851D085F9D006CD142 /* RestosUITests.xctest */,
			);
			name = Products;
			sourceTree = "<group>";
		};
		336ABF681D085F9D006CD142 /* Restos */ = {
			isa = PBXGroup;
			children = (
				336ABF691D085F9D006CD142 /* AppDelegate.swift */,
				336ABF6B1D085F9D006CD142 /* FormViewController.swift */,
				336ABF971D0868B1006CD142 /* Restaurant.swift */,
				336ABF991D0868BE006CD142 /* ResturantLibrary.swift */,
				336ABF6D1D085F9D006CD142 /* Main.storyboard */,
				336ABF701D085F9D006CD142 /* Assets.xcassets */,
				336ABF721D085F9D006CD142 /* LaunchScreen.storyboard */,
				336ABF751D085F9D006CD142 /* Info.plist */,
			);
			path = Restos;
			sourceTree = "<group>";
		};
		336ABF7D1D085F9D006CD142 /* RestosTests */ = {
			isa = PBXGroup;
			children = (
				336ABF7E1D085F9D006CD142 /* RestosTests.swift */,
				336ABF801D085F9D006CD142 /* Info.plist */,
			);
			path = RestosTests;
			sourceTree = "<group>";
		};
		336ABF881D085F9D006CD142 /* RestosUITests */ = {
			isa = PBXGroup;
			children = (
				336ABF891D085F9D006CD142 /* RestosUITests.swift */,
				336ABF8B1D085F9D006CD142 /* Info.plist */,
			);
			path = RestosUITests;
			sourceTree = "<group>";
		};
/* End PBXGroup section */

/* Begin PBXNativeTarget section */
		336ABF651D085F9D006CD142 /* Restos */ = {
			isa = PBXNativeTarget;
			buildConfigurationList = 336ABF8E1D085F9D006CD142 /* Build configuration list for PBXNativeTarget "Restos" */;
			buildPhases = (
				336ABF621D085F9D006CD142 /* Sources */,
				336ABF631D085F9D006CD142 /* Frameworks */,
				336ABF641D085F9D006CD142 /* Resources */,
			);
			buildRules = (
			);
			dependencies = (
			);
			name = Restos;
			productName = Restos;
			productReference = 336ABF661D085F9D006CD142 /* Restos.app */;
			productType = "com.apple.product-type.application";
		};
		336ABF791D085F9D006CD142 /* RestosTests */ = {
			isa = PBXNativeTarget;
			buildConfigurationList = 336ABF911D085F9D006CD142 /* Build configuration list for PBXNativeTarget "RestosTests" */;
			buildPhases = (
				336ABF761D085F9D006CD142 /* Sources */,
				336ABF771D085F9D006CD142 /* Frameworks */,
				336ABF781D085F9D006CD142 /* Resources */,
			);
			buildRules = (
			);
			dependencies = (
				336ABF7C1D085F9D006CD142 /* PBXTargetDependency */,
			);
			name = RestosTests;
			productName = RestosTests;
			productReference = 336ABF7A1D085F9D006CD142 /* RestosTests.xctest */;
			productType = "com.apple.product-type.bundle.unit-test";
		};
		336ABF841D085F9D006CD142 /* RestosUITests */ = {
			isa = PBXNativeTarget;
			buildConfigurationList = 336ABF941D085F9D006CD142 /* Build configuration list for PBXNativeTarget "RestosUITests" */;
			buildPhases = (
				336ABF811D085F9D006CD142 /* Sources */,
				336ABF821D085F9D006CD142 /* Frameworks */,
				336ABF831D085F9D006CD142 /* Resources */,
			);
			buildRules = (
			);
			dependencies = (
				336ABF871D085F9D006CD142 /* PBXTargetDependency */,
			);
			name = RestosUITests;
			productName = RestosUITests;
			productReference = 336ABF851D085F9D006CD142 /* RestosUITests.xctest */;
			productType = "com.apple.product-type.bundle.ui-testing";
		};
/* End PBXNativeTarget section */

/* Begin PBXProject section */
		336ABF5E1D085F9D006CD142 /* Project object */ = {
			isa = PBXProject;
			attributes = {
				LastSwiftUpdateCheck = 0730;
				LastUpgradeCheck = 0730;
				ORGANIZATIONNAME = "Tec-Tec";
				TargetAttributes = {
					336ABF651D085F9D006CD142 = {
						CreatedOnToolsVersion = 7.3.1;
					};
					336ABF791D085F9D006CD142 = {
						CreatedOnToolsVersion = 7.3.1;
						TestTargetID = 336ABF651D085F9D006CD142;
					};
					336ABF841D085F9D006CD142 = {
						CreatedOnToolsVersion = 7.3.1;
						TestTargetID = 336ABF651D085F9D006CD142;
					};
				};
			};
			buildConfigurationList = 336ABF611D085F9D006CD142 /* Build configuration list for PBXProject "Restos" */;
			compatibilityVersion = "Xcode 3.2";
			developmentRegion = English;
			hasScannedForEncodings = 0;
			knownRegions = (
				en,
				Base,
			);
			mainGroup = 336ABF5D1D085F9D006CD142;
			productRefGroup = 336ABF671D085F9D006CD142 /* Products */;
			projectDirPath = "";
			projectRoot = "";
			targets = (
				336ABF651D085F9D006CD142 /* Restos */,
				336ABF791D085F9D006CD142 /* RestosTests */,
				336ABF841D085F9D006CD142 /* RestosUITests */,
			);
		};
/* End PBXProject section */

/* Begin PBXResourcesBuildPhase section */
		336ABF641D085F9D006CD142 /* Resources */ = {
			isa = PBXResourcesBuildPhase;
			buildActionMask = 2147483647;
			files = (
				336ABF741D085F9D006CD142 /* LaunchScreen.storyboard in Resources */,
				336ABF711D085F9D006CD142 /* Assets.xcassets in Resources */,
				336ABF6F1D085F9D006CD142 /* Main.storyboard in Resources */,
			);
			runOnlyForDeploymentPostprocessing = 0;
		};
		336ABF781D085F9D006CD142 /* Resources */ = {
			isa = PBXResourcesBuildPhase;
			buildActionMask = 2147483647;
			files = (
			);
			runOnlyForDeploymentPostprocessing = 0;
		};
		336ABF831D085F9D006CD142 /* Resources */ = {
			isa = PBXResourcesBuildPhase;
			buildActionMask = 2147483647;
			files = (
			);
			runOnlyForDeploymentPostprocessing = 0;
		};
/* End PBXResourcesBuildPhase section */

/* Begin PBXSourcesBuildPhase section */
		336ABF621D085F9D006CD142 /* Sources */ = {
			isa = PBXSourcesBuildPhase;
			buildActionMask = 2147483647;
			files = (
				336ABF6C1D085F9D006CD142 /* FormViewController.swift in Sources */,
				336ABF6A1D085F9D006CD142 /* AppDelegate.swift in Sources */,
				336ABF9A1D0868BE006CD142 /* ResturantLibrary.swift in Sources */,
				336ABF981D0868B1006CD142 /* Restaurant.swift in Sources */,
			);
			runOnlyForDeploymentPostprocessing = 0;
		};
		336ABF761D085F9D006CD142 /* Sources */ = {
			isa = PBXSourcesBuildPhase;
			buildActionMask = 2147483647;
			files = (
				336ABF7F1D085F9D006CD142 /* RestosTests.swift in Sources */,
			);
			runOnlyForDeploymentPostprocessing = 0;
		};
		336ABF811D085F9D006CD142 /* Sources */ = {
			isa = PBXSourcesBuildPhase;
			buildActionMask = 2147483647;
			files = (
				336ABF8A1D085F9D006CD142 /* RestosUITests.swift in Sources */,
			);
			runOnlyForDeploymentPostprocessing = 0;
		};
/* End PBXSourcesBuildPhase section */

/* Begin PBXTargetDependency section */
		336ABF7C1D085F9D006CD142 /* PBXTargetDependency */ = {
			isa = PBXTargetDependency;
			target = 336ABF651D085F9D006CD142 /* Restos */;
			targetProxy = 336ABF7B1D085F9D006CD142 /* PBXContainerItemProxy */;
		};
		336ABF871D085F9D006CD142 /* PBXTargetDependency */ = {
			isa = PBXTargetDependency;
			target = 336ABF651D085F9D006CD142 /* Restos */;
			targetProxy = 336ABF861D085F9D006CD142 /* PBXContainerItemProxy */;
		};
/* End PBXTargetDependency section */

/* Begin PBXVariantGroup section */
		336ABF6D1D085F9D006CD142 /* Main.storyboard */ = {
			isa = PBXVariantGroup;
			children = (
				336ABF6E1D085F9D006CD142 /* Base */,
			);
			name = Main.storyboard;
			sourceTree = "<group>";
		};
		336ABF721D085F9D006CD142 /* LaunchScreen.storyboard */ = {
			isa = PBXVariantGroup;
			children = (
				336ABF731D085F9D006CD142 /* Base */,
			);
			name = LaunchScreen.storyboard;
			sourceTree = "<group>";
		};
/* End PBXVariantGroup section */

/* Begin XCBuildConfiguration section */
		336ABF8C1D085F9D006CD142 /* Debug */ = {
			isa = XCBuildConfiguration;
			buildSettings = {
				ALWAYS_SEARCH_USER_PATHS = NO;
				CLANG_ANALYZER_NONNULL = YES;
				CLANG_CXX_LANGUAGE_STANDARD = "gnu++0x";
				CLANG_CXX_LIBRARY = "libc++";
				CLANG_ENABLE_MODULES = YES;
				CLANG_ENABLE_OBJC_ARC = YES;
				CLANG_WARN_BOOL_CONVERSION = YES;
				CLANG_WARN_CONSTANT_CONVERSION = YES;
				CLANG_WARN_DIRECT_OBJC_ISA_USAGE = YES_ERROR;
				CLANG_WARN_EMPTY_BODY = YES;
				CLANG_WARN_ENUM_CONVERSION = YES;
				CLANG_WARN_INT_CONVERSION = YES;
				CLANG_WARN_OBJC_ROOT_CLASS = YES_ERROR;
				CLANG_WARN_UNREACHABLE_CODE = YES;
				CLANG_WARN__DUPLICATE_METHOD_MATCH = YES;
				"CODE_SIGN_IDENTITY[sdk=iphoneos*]" = "iPhone Developer";
				COPY_PHASE_STRIP = NO;
				DEBUG_INFORMATION_FORMAT = dwarf;
				ENABLE_STRICT_OBJC_MSGSEND = YES;
				ENABLE_TESTABILITY = YES;
				GCC_C_LANGUAGE_STANDARD = gnu99;
				GCC_DYNAMIC_NO_PIC = NO;
				GCC_NO_COMMON_BLOCKS = YES;
				GCC_OPTIMIZATION_LEVEL = 0;
				GCC_PREPROCESSOR_DEFINITIONS = (
					"DEBUG=1",
					"$(inherited)",
				);
				GCC_WARN_64_TO_32_BIT_CONVERSION = YES;
				GCC_WARN_ABOUT_RETURN_TYPE = YES_ERROR;
				GCC_WARN_UNDECLARED_SELECTOR = YES;
				GCC_WARN_UNINITIALIZED_AUTOS = YES_AGGRESSIVE;
				GCC_WARN_UNUSED_FUNCTION = YES;
				GCC_WARN_UNUSED_VARIABLE = YES;
				IPHONEOS_DEPLOYMENT_TARGET = 9.3;
				MTL_ENABLE_DEBUG_INFO = YES;
				ONLY_ACTIVE_ARCH = YES;
				SDKROOT = iphoneos;
				SWIFT_OPTIMIZATION_LEVEL = "-Onone";
				TARGETED_DEVICE_FAMILY = "1,2";
			};
			name = Debug;
		};
		336ABF8D1D085F9D006CD142 /* Release */ = {
			isa = XCBuildConfiguration;
			buildSettings = {
				ALWAYS_SEARCH_USER_PATHS = NO;
				CLANG_ANALYZER_NONNULL = YES;
				CLANG_CXX_LANGUAGE_STANDARD = "gnu++0x";
				CLANG_CXX_LIBRARY = "libc++";
				CLANG_ENABLE_MODULES = YES;
				CLANG_ENABLE_OBJC_ARC = YES;
				CLANG_WARN_BOOL_CONVERSION = YES;
				CLANG_WARN_CONSTANT_CONVERSION = YES;
				CLANG_WARN_DIRECT_OBJC_ISA_USAGE = YES_ERROR;
				CLANG_WARN_EMPTY_BODY = YES;
				CLANG_WARN_ENUM_CONVERSION = YES;
				CLANG_WARN_INT_CONVERSION = YES;
				CLANG_WARN_OBJC_ROOT_CLASS = YES_ERROR;
				CLANG_WARN_UNREACHABLE_CODE = YES;
				CLANG_WARN__DUPLICATE_METHOD_MATCH = YES;
				"CODE_SIGN_IDENTITY[sdk=iphoneos*]" = "iPhone Developer";
				COPY_PHASE_STRIP = NO;
				DEBUG_INFORMATION_FORMAT = "dwarf-with-dsym";
				ENABLE_NS_ASSERTIONS = NO;
				ENABLE_STRICT_OBJC_MSGSEND = YES;
				GCC_C_LANGUAGE_STANDARD = gnu99;
				GCC_NO_COMMON_BLOCKS = YES;
				GCC_WARN_64_TO_32_BIT_CONVERSION = YES;
				GCC_WARN_ABOUT_RETURN_TYPE = YES_ERROR;
				GCC_WARN_UNDECLARED_SELECTOR = YES;
				GCC_WARN_UNINITIALIZED_AUTOS = YES_AGGRESSIVE;
				GCC_WARN_UNUSED_FUNCTION = YES;
				GCC_WARN_UNUSED_VARIABLE = YES;
				IPHONEOS_DEPLOYMENT_TARGET = 9.3;
				MTL_ENABLE_DEBUG_INFO = NO;
				SDKROOT = iphoneos;
				TARGETED_DEVICE_FAMILY = "1,2";
				VALIDATE_PRODUCT = YES;
			};
			name = Release;
		};
		336ABF8F1D085F9D006CD142 /* Debug */ = {
			isa = XCBuildConfiguration;
			buildSettings = {
				ASSETCATALOG_COMPILER_APPICON_NAME = AppIcon;
				INFOPLIST_FILE = Restos/Info.plist;
				LD_RUNPATH_SEARCH_PATHS = "$(inherited) @executable_path/Frameworks";
				PRODUCT_BUNDLE_IDENTIFIER = com.tectec.ib.paris.Restos;
				PRODUCT_NAME = "$(TARGET_NAME)";
			};
			name = Debug;
		};
		336ABF901D085F9D006CD142 /* Release */ = {
			isa = XCBuildConfiguration;
			buildSettings = {
				ASSETCATALOG_COMPILER_APPICON_NAME = AppIcon;
				INFOPLIST_FILE = Restos/Info.plist;
				LD_RUNPATH_SEARCH_PATHS = "$(inherited) @executable_path/Frameworks";
				PRODUCT_BUNDLE_IDENTIFIER = com.tectec.ib.paris.Restos;
				PRODUCT_NAME = "$(TARGET_NAME)";
			};
			name = Release;
		};
		336ABF921D085F9D006CD142 /* Debug */ = {
			isa = XCBuildConfiguration;
			buildSettings = {
				BUNDLE_LOADER = "$(TEST_HOST)";
				INFOPLIST_FILE = RestosTests/Info.plist;
				LD_RUNPATH_SEARCH_PATHS = "$(inherited) @executable_path/Frameworks @loader_path/Frameworks";
				PRODUCT_BUNDLE_IDENTIFIER = com.tectec.ib.paris.RestosTests;
				PRODUCT_NAME = "$(TARGET_NAME)";
				TEST_HOST = "$(BUILT_PRODUCTS_DIR)/Restos.app/Restos";
			};
			name = Debug;
		};
		336ABF931D085F9D006CD142 /* Release */ = {
			isa = XCBuildConfiguration;
			buildSettings = {
				BUNDLE_LOADER = "$(TEST_HOST)";
				INFOPLIST_FILE = RestosTests/Info.plist;
				LD_RUNPATH_SEARCH_PATHS = "$(inherited) @executable_path/Frameworks @loader_path/Frameworks";
				PRODUCT_BUNDLE_IDENTIFIER = com.tectec.ib.paris.RestosTests;
				PRODUCT_NAME = "$(TARGET_NAME)";
				TEST_HOST = "$(BUILT_PRODUCTS_DIR)/Restos.app/Restos";
			};
			name = Release;
		};
		336ABF951D085F9D006CD142 /* Debug */ = {
			isa = XCBuildConfiguration;
			buildSettings = {
				INFOPLIST_FILE = RestosUITests/Info.plist;
				LD_RUNPATH_SEARCH_PATHS = "$(inherited) @executable_path/Frameworks @loader_path/Frameworks";
				PRODUCT_BUNDLE_IDENTIFIER = com.tectec.ib.paris.RestosUITests;
				PRODUCT_NAME = "$(TARGET_NAME)";
				TEST_TARGET_NAME = Restos;
			};
			name = Debug;
		};
		336ABF961D085F9D006CD142 /* Release */ = {
			isa = XCBuildConfiguration;
			buildSettings = {
				INFOPLIST_FILE = RestosUITests/Info.plist;
				LD_RUNPATH_SEARCH_PATHS = "$(inherited) @executable_path/Frameworks @loader_path/Frameworks";
				PRODUCT_BUNDLE_IDENTIFIER = com.tectec.ib.paris.RestosUITests;
				PRODUCT_NAME = "$(TARGET_NAME)";
				TEST_TARGET_NAME = Restos;
			};
			name = Release;
		};
/* End XCBuildConfiguration section */

/* Begin XCConfigurationList section */
		336ABF611D085F9D006CD142 /* Build configuration list for PBXProject "Restos" */ = {
			isa = XCConfigurationList;
			buildConfigurations = (
				336ABF8C1D085F9D006CD142 /* Debug */,
				336ABF8D1D085F9D006CD142 /* Release */,
			);
			defaultConfigurationIsVisible = 0;
			defaultConfigurationName = Release;
		};
		336ABF8E1D085F9D006CD142 /* Build configuration list for PBXNativeTarget "Restos" */ = {
			isa = XCConfigurationList;
			buildConfigurations = (
				336ABF8F1D085F9D006CD142 /* Debug */,
				336ABF901D085F9D006CD142 /* Release */,
			);
			defaultConfigurationIsVisible = 0;
		};
		336ABF911D085F9D006CD142 /* Build configuration list for PBXNativeTarget "RestosTests" */ = {
			isa = XCConfigurationList;
			buildConfigurations = (
				336ABF921D085F9D006CD142 /* Debug */,
				336ABF931D085F9D006CD142 /* Release */,
			);
			defaultConfigurationIsVisible = 0;
		};
		336ABF941D085F9D006CD142 /* Build configuration list for PBXNativeTarget "RestosUITests" */ = {
			isa = XCConfigurationList;
			buildConfigurations = (
				336ABF951D085F9D006CD142 /* Debug */,
				336ABF961D085F9D006CD142 /* Release */,
			);
			defaultConfigurationIsVisible = 0;
		};
/* End XCConfigurationList section */
	};
	rootObject = 336ABF5E1D085F9D006CD142 /* Project object */;
}
